
Microsoft Visual Studio Solution File, Format Version 12.00
# Visual Studio Version 16
VisualStudioVersion = 16.0.30503.244
MinimumVisualStudioVersion = 10.0.40219.1
Project("{FAE04EC0-301F-11D3-BF4B-00C04F79EFBC}") = "kubus", "kubus\kubus.csproj", "{131AA4E2-F132-4F05-8284-4C9DE8EF60EA}"
EndProject
Global
	GlobalSection(SolutionConfigurationPlatforms) = preSolution
		Debug|Any CPU = Debug|Any CPU
		Release|Any CPU = Release|Any CPU
	EndGlobalSection
	GlobalSection(ProjectConfigurationPlatforms) = postSolution
		{131AA4E2-F132-4F05-8284-4C9DE8EF60EA}.Debug|Any CPU.ActiveCfg = Debug|Any CPU
		{131AA4E2-F132-4F05-8284-4C9DE8EF60EA}.Debug|Any CPU.Build.0 = Debug|Any CPU
		{131AA4E2-F132-4F05-8284-4C9DE8EF60EA}.Release|Any CPU.ActiveCfg = Release|Any CPU
		{131AA4E2-F132-4F05-8284-4C9DE8EF60EA}.Release|Any CPU.Build.0 = Release|Any CPU
	EndGlobalSection
	GlobalSection(SolutionProperties) = preSolution
		HideSolutionNode = FALSE
	EndGlobalSection
	GlobalSection(ExtensibilityGlobals) = postSolution
		SolutionGuid = {5A3A2B1A-3B0E-44B3-8629-E45FE32B6E4B}
	EndGlobalSection
EndGlobal
